PROGRAM_ID=POST_GOLDEN_APPLICATION_CAPABILITY_EXPANSION_V1
TASK_ID=POSTG-APP-W02-A07_ProductionEquivalentHTMLPDFHumanReviewPackage
PARENT_A06_MERGE_SHA=488b1099daf4a4cdf22c94c8317ea8c9c063b954
APPLICATION_REVIEW_COHORT=61
PBL_REVIEW_COHORT=31
NUMERIC_BOUNDARY_REFERENCE=OPERATION_FAMILY_REPRESENTATIVE
TARGET_EVIDENCE=E4_PRODUCTION_EQUIVALENT_OUTPUT_VERIFIED
CURRENT_EVIDENCE=E3_SHADOW_RUNTIME_INTEGRATED
